
Microsoft Visual Studio Solution File, Format Version 12.00
# Visual Studio Version 16
VisualStudioVersion = 16.0.30611.23
MinimumVisualStudioVersion = 10.0.40219.1
Project("{FAE04EC0-301F-11D3-BF4B-00C04F79EFBC}") = "CovidNews", "CovidNews\CovidNews.csproj", "{A8320F31-096F-406A-AB1F-FB08B254E845}"
EndProject
Global
	GlobalSection(SolutionConfigurationPlatforms) = preSolution
		Debug|Any CPU = Debug|Any CPU
		Release|Any CPU = Release|Any CPU
	EndGlobalSection
	GlobalSection(ProjectConfigurationPlatforms) = postSolution
		{A8320F31-096F-406A-AB1F-FB08B254E845}.Debug|Any CPU.ActiveCfg = Debug|Any CPU
		{A8320F31-096F-406A-AB1F-FB08B254E845}.Debug|Any CPU.Build.0 = Debug|Any CPU
		{A8320F31-096F-406A-AB1F-FB08B254E845}.Release|Any CPU.ActiveCfg = Release|Any CPU
		{A8320F31-096F-406A-AB1F-FB08B254E845}.Release|Any CPU.Build.0 = Release|Any CPU
	EndGlobalSection
	GlobalSection(SolutionProperties) = preSolution
		HideSolutionNode = FALSE
	EndGlobalSection
	GlobalSection(ExtensibilityGlobals) = postSolution
		SolutionGuid = {5FCA8F9A-09C6-4D53-B751-CA05A0F0A6CA}
	EndGlobalSection
EndGlobal
